
Microsoft Visual Studio Solution File, Format Version 12.00
# Visual Studio Version 17
VisualStudioVersion = 17.9.34622.214
MinimumVisualStudioVersion = 10.0.40219.1
Project("{FAE04EC0-301F-11D3-BF4B-00C04F79EFBC}") = "TaskManager.APIs", "TaskManager\TaskManager.APIs.csproj", "{561293EB-A7A5-4663-BBC9-6C6CDC90E038}"
EndProject
Project("{FAE04EC0-301F-11D3-BF4B-00C04F79EFBC}") = "TaskManager.Core", "TaskManager.Core\TaskManager.Core.csproj", "{0E81C576-F199-4A49-A14E-75B5235CB3B3}"
EndProject
Project("{FAE04EC0-301F-11D3-BF4B-00C04F79EFBC}") = "TaskManager.Repository", "TaskManager.Application\TaskManager.Repository.csproj", "{A912ACF6-F11E-4820-A11F-517C383245CA}"
EndProject
Project("{FAE04EC0-301F-11D3-BF4B-00C04F79EFBC}") = "TaskManager.Service", "TaskManager.Service\TaskManager.Service.csproj", "{17D9BB59-4D29-4E84-8451-6AA7A1B8E03C}"
EndProject
Global
	GlobalSection(SolutionConfigurationPlatforms) = preSolution
		Debug|Any CPU = Debug|Any CPU
		Release|Any CPU = Release|Any CPU
	EndGlobalSection
	GlobalSection(ProjectConfigurationPlatforms) = postSolution
		{561293EB-A7A5-4663-BBC9-6C6CDC90E038}.Debug|Any CPU.ActiveCfg = Debug|Any CPU
		{561293EB-A7A5-4663-BBC9-6C6CDC90E038}.Debug|Any CPU.Build.0 = Debug|Any CPU
		{561293EB-A7A5-4663-BBC9-6C6CDC90E038}.Release|Any CPU.ActiveCfg = Release|Any CPU
		{561293EB-A7A5-4663-BBC9-6C6CDC90E038}.Release|Any CPU.Build.0 = Release|Any CPU
		{0E81C576-F199-4A49-A14E-75B5235CB3B3}.Debug|Any CPU.ActiveCfg = Debug|Any CPU
		{0E81C576-F199-4A49-A14E-75B5235CB3B3}.Debug|Any CPU.Build.0 = Debug|Any CPU
		{0E81C576-F199-4A49-A14E-75B5235CB3B3}.Release|Any CPU.ActiveCfg = Release|Any CPU
		{0E81C576-F199-4A49-A14E-75B5235CB3B3}.Release|Any CPU.Build.0 = Release|Any CPU
		{A912ACF6-F11E-4820-A11F-517C383245CA}.Debug|Any CPU.ActiveCfg = Debug|Any CPU
		{A912ACF6-F11E-4820-A11F-517C383245CA}.Debug|Any CPU.Build.0 = Debug|Any CPU
		{A912ACF6-F11E-4820-A11F-517C383245CA}.Release|Any CPU.ActiveCfg = Release|Any CPU
		{A912ACF6-F11E-4820-A11F-517C383245CA}.Release|Any CPU.Build.0 = Release|Any CPU
		{17D9BB59-4D29-4E84-8451-6AA7A1B8E03C}.Debug|Any CPU.ActiveCfg = Debug|Any CPU
		{17D9BB59-4D29-4E84-8451-6AA7A1B8E03C}.Debug|Any CPU.Build.0 = Debug|Any CPU
		{17D9BB59-4D29-4E84-8451-6AA7A1B8E03C}.Release|Any CPU.ActiveCfg = Release|Any CPU
		{17D9BB59-4D29-4E84-8451-6AA7A1B8E03C}.Release|Any CPU.Build.0 = Release|Any CPU
	EndGlobalSection
	GlobalSection(SolutionProperties) = preSolution
		HideSolutionNode = FALSE
	EndGlobalSection
	GlobalSection(ExtensibilityGlobals) = postSolution
		SolutionGuid = {298F5E80-9AF8-497D-965B-7F1C706F9F9D}
	EndGlobalSection
EndGlobal
